
Microsoft Visual Studio Solution File, Format Version 12.00
# Visual Studio Version 17
VisualStudioVersion = 17.0.31611.283
MinimumVisualStudioVersion = 10.0.40219.1
Project("{9A19103F-16F7-4668-BE54-9A1E7A4F7556}") = "PlutoFrameworkTests", "PlutoFrameworkTests\PlutoFrameworkTests.csproj", "{DF6A5884-857F-420F-9855-E579A18E9F3D}"
EndProject
Project("{9A19103F-16F7-4668-BE54-9A1E7A4F7556}") = "UniqueryPlus", "UniqueryPlus\UniqueryPlus.csproj", "{75983543-4FAA-4AB4-A890-0F85131D8564}"
EndProject
Project("{9A19103F-16F7-4668-BE54-9A1E7A4F7556}") = "UniqueryPlusTests", "UniqueryPlusTests\UniqueryPlusTests.csproj", "{A05BC669-CBB6-45A9-89C4-5F576AD338EE}"
EndProject
Project("{FAE04EC0-301F-11D3-BF4B-00C04F79EFBC}") = "PlutoFramework", "PlutoFramework\PlutoFramework.csproj", "{7094BC38-D8E7-1A9E-A224-C8B3F3BDC163}"
EndProject
Project("{2150E333-8FDC-42A3-9474-1A3956D46DE8}") = "Indexers", "Indexers", "{02EA681E-C7D8-13C7-8484-4AC65E1B71E8}"
EndProject
Project("{FAE04EC0-301F-11D3-BF4B-00C04F79EFBC}") = "XcavateSubquery", "Indexers\XcavateSubquery\XcavateSubquery.csproj", "{983DD201-EDBA-1183-E4AA-CDA3147D18CB}"
EndProject
Global
	GlobalSection(SolutionConfigurationPlatforms) = preSolution
		Debug|Any CPU = Debug|Any CPU
		Release|Any CPU = Release|Any CPU
	EndGlobalSection
	GlobalSection(ProjectConfigurationPlatforms) = postSolution
		{DF6A5884-857F-420F-9855-E579A18E9F3D}.Debug|Any CPU.ActiveCfg = Debug|Any CPU
		{DF6A5884-857F-420F-9855-E579A18E9F3D}.Debug|Any CPU.Build.0 = Debug|Any CPU
		{DF6A5884-857F-420F-9855-E579A18E9F3D}.Release|Any CPU.ActiveCfg = Release|Any CPU
		{DF6A5884-857F-420F-9855-E579A18E9F3D}.Release|Any CPU.Build.0 = Release|Any CPU
		{75983543-4FAA-4AB4-A890-0F85131D8564}.Debug|Any CPU.ActiveCfg = Debug|Any CPU
		{75983543-4FAA-4AB4-A890-0F85131D8564}.Debug|Any CPU.Build.0 = Debug|Any CPU
		{75983543-4FAA-4AB4-A890-0F85131D8564}.Release|Any CPU.ActiveCfg = Release|Any CPU
		{75983543-4FAA-4AB4-A890-0F85131D8564}.Release|Any CPU.Build.0 = Release|Any CPU
		{A05BC669-CBB6-45A9-89C4-5F576AD338EE}.Debug|Any CPU.ActiveCfg = Debug|Any CPU
		{A05BC669-CBB6-45A9-89C4-5F576AD338EE}.Debug|Any CPU.Build.0 = Debug|Any CPU
		{A05BC669-CBB6-45A9-89C4-5F576AD338EE}.Release|Any CPU.ActiveCfg = Release|Any CPU
		{A05BC669-CBB6-45A9-89C4-5F576AD338EE}.Release|Any CPU.Build.0 = Release|Any CPU
		{7094BC38-D8E7-1A9E-A224-C8B3F3BDC163}.Debug|Any CPU.ActiveCfg = Debug|Any CPU
		{7094BC38-D8E7-1A9E-A224-C8B3F3BDC163}.Debug|Any CPU.Build.0 = Debug|Any CPU
		{7094BC38-D8E7-1A9E-A224-C8B3F3BDC163}.Release|Any CPU.ActiveCfg = Release|Any CPU
		{7094BC38-D8E7-1A9E-A224-C8B3F3BDC163}.Release|Any CPU.Build.0 = Release|Any CPU
		{983DD201-EDBA-1183-E4AA-CDA3147D18CB}.Debug|Any CPU.ActiveCfg = Debug|Any CPU
		{983DD201-EDBA-1183-E4AA-CDA3147D18CB}.Debug|Any CPU.Build.0 = Debug|Any CPU
		{983DD201-EDBA-1183-E4AA-CDA3147D18CB}.Release|Any CPU.ActiveCfg = Release|Any CPU
		{983DD201-EDBA-1183-E4AA-CDA3147D18CB}.Release|Any CPU.Build.0 = Release|Any CPU
	EndGlobalSection
	GlobalSection(SolutionProperties) = preSolution
		HideSolutionNode = FALSE
	EndGlobalSection
	GlobalSection(NestedProjects) = preSolution
		{983DD201-EDBA-1183-E4AA-CDA3147D18CB} = {02EA681E-C7D8-13C7-8484-4AC65E1B71E8}
	EndGlobalSection
	GlobalSection(ExtensibilityGlobals) = postSolution
		SolutionGuid = {61F7FB11-1E47-470C-91E2-47F8143E1572}
	EndGlobalSection
EndGlobal
